{
    "_readme": [
        "This file locks the dependencies of your project to a known state",
        "Read more about it at https://getcomposer.org/doc/01-basic-usage.md#installing-dependencies",
        "This file is @generated automatically"
    ],
    "content-hash": "72ffcb0f2298c636fefd3b049d5283e3",
    "packages": [
        {
            "name": "idealo/php-rdkafka-ffi",
            "version": "v0.4.0",
            "source": {
                "type": "git",
                "url": "git@github.com:idealo/php-rdkafka-ffi.git",
                "reference": "612fbc465c89c6e81a5859d6f8ca56743ba6a276"
            },
            "dist": {
                "type": "zip",
                "url": "https://api.github.com/repos/idealo/php-rdkafka-ffi/zipball/612fbc465c89c6e81a5859d6f8ca56743ba6a276",
                "reference": "612fbc465c89c6e81a5859d6f8ca56743ba6a276",
                "shasum": ""
            },
            "require": {
                "ext-ffi": "*",
                "php": "^7.4 || ^8.0"
            },
            "conflict": {
                "ext-rdkafka": "*"
            },
            "require-dev": {
                "ircmaxell/php-c-parser": "dev-master",
                "klitsche/dog": "^0.4",
                "klitsche/ffigen": "^0.6",
                "phpbench/phpbench": "^1.1",
                "phpunit/phpunit": "^9.4",
                "symfony/css-selector": "^5.1",
                "symfony/dom-crawler": "^5.1",
                "symplify/easy-coding-standard": "^9.4"
            },
            "suggest": {
                "ext-pcntl": "*",
                "ext-zend opcache": "*"
            },
            "type": "library",
            "autoload": {
                "files": [
                    "src/constants.php",
                    "src/functions.php"
                ],
                "psr-4": {
                    "": "src/"
                }
            },
            "notification-url": "https://packagist.org/downloads/",
            "license": [
                "Apache-2.0"
            ],
            "authors": [
                {
                    "name": "Dirk Adler",
                    "email": "dirk.adler@idealo.de"
                }
            ],
            "description": "PHP Kafka client - binding librdkafka via FFI",
            "keywords": [
                "client",
                "ffi",
                "kafka",
                "librdkafka",
                "php"
            ],
            "time": "2021-10-24T17:04:17+00:00"
        }
    ],
    "packages-dev": [],
    "aliases": [],
    "minimum-stability": "stable",
    "stability-flags": [],
    "prefer-stable": false,
    "prefer-lowest": false,
    "platform": [],
    "platform-dev": [],
    "plugin-api-version": "1.1.0"
}
